
Microsoft Visual Studio Solution File, Format Version 12.00
# Visual Studio Version 16
VisualStudioVersion = 16.0.29920.165
MinimumVisualStudioVersion = 10.0.40219.1
Project("{FAE04EC0-301F-11D3-BF4B-00C04F79EFBC}") = "SSO.API", "SSO.AuthService\SSO.API.csproj", "{A2BCD72C-E304-4756-B1A6-5A3F386C6ADF}"
EndProject
Project("{FAE04EC0-301F-11D3-BF4B-00C04F79EFBC}") = "SSO.Repository", "SSO.Repository\SSO.Repository.csproj", "{BD4119B6-CC0C-4782-B9B4-B9BF5A3EC9DE}"
EndProject
Project("{FAE04EC0-301F-11D3-BF4B-00C04F79EFBC}") = "SSO.Contract", "SSO.Contract\SSO.Contract.csproj", "{532E41ED-0ACB-483C-B5D3-4A06CC523D3D}"
EndProject
Project("{FAE04EC0-301F-11D3-BF4B-00C04F79EFBC}") = "SSO", "SSO\SSO.csproj", "{6D2D9BB1-091F-4CB6-AF03-FABAB33069EF}"
EndProject
Global
	GlobalSection(SolutionConfigurationPlatforms) = preSolution
		Debug|Any CPU = Debug|Any CPU
		Release|Any CPU = Release|Any CPU
	EndGlobalSection
	GlobalSection(ProjectConfigurationPlatforms) = postSolution
		{A2BCD72C-E304-4756-B1A6-5A3F386C6ADF}.Debug|Any CPU.ActiveCfg = Debug|Any CPU
		{A2BCD72C-E304-4756-B1A6-5A3F386C6ADF}.Debug|Any CPU.Build.0 = Debug|Any CPU
		{A2BCD72C-E304-4756-B1A6-5A3F386C6ADF}.Release|Any CPU.ActiveCfg = Release|Any CPU
		{A2BCD72C-E304-4756-B1A6-5A3F386C6ADF}.Release|Any CPU.Build.0 = Release|Any CPU
		{BD4119B6-CC0C-4782-B9B4-B9BF5A3EC9DE}.Debug|Any CPU.ActiveCfg = Debug|Any CPU
		{BD4119B6-CC0C-4782-B9B4-B9BF5A3EC9DE}.Debug|Any CPU.Build.0 = Debug|Any CPU
		{BD4119B6-CC0C-4782-B9B4-B9BF5A3EC9DE}.Release|Any CPU.ActiveCfg = Release|Any CPU
		{BD4119B6-CC0C-4782-B9B4-B9BF5A3EC9DE}.Release|Any CPU.Build.0 = Release|Any CPU
		{532E41ED-0ACB-483C-B5D3-4A06CC523D3D}.Debug|Any CPU.ActiveCfg = Debug|Any CPU
		{532E41ED-0ACB-483C-B5D3-4A06CC523D3D}.Debug|Any CPU.Build.0 = Debug|Any CPU
		{532E41ED-0ACB-483C-B5D3-4A06CC523D3D}.Release|Any CPU.ActiveCfg = Release|Any CPU
		{532E41ED-0ACB-483C-B5D3-4A06CC523D3D}.Release|Any CPU.Build.0 = Release|Any CPU
		{6D2D9BB1-091F-4CB6-AF03-FABAB33069EF}.Debug|Any CPU.ActiveCfg = Debug|Any CPU
		{6D2D9BB1-091F-4CB6-AF03-FABAB33069EF}.Debug|Any CPU.Build.0 = Debug|Any CPU
		{6D2D9BB1-091F-4CB6-AF03-FABAB33069EF}.Release|Any CPU.ActiveCfg = Release|Any CPU
		{6D2D9BB1-091F-4CB6-AF03-FABAB33069EF}.Release|Any CPU.Build.0 = Release|Any CPU
	EndGlobalSection
	GlobalSection(SolutionProperties) = preSolution
		HideSolutionNode = FALSE
	EndGlobalSection
	GlobalSection(ExtensibilityGlobals) = postSolution
		SolutionGuid = {AF74693B-2CC5-44D6-A50A-2015E0C487CE}
	EndGlobalSection
EndGlobal
